
Microsoft Visual Studio Solution File, Format Version 12.00
# Visual Studio Version 16
VisualStudioVersion = 16.0.29613.14
MinimumVisualStudioVersion = 10.0.40219.1
Project("{2150E333-8FDC-42A3-9474-1A3956D46DE8}") = "src", "src", "{7E7DBAA2-1D26-4FD3-9056-5160C347CDDB}"
EndProject
Project("{2150E333-8FDC-42A3-9474-1A3956D46DE8}") = "ApiGateway", "ApiGateway", "{13C0FB4C-FDF2-4E78-A06D-AB3E99125584}"
EndProject
Project("{2150E333-8FDC-42A3-9474-1A3956D46DE8}") = "Services", "Services", "{2E494BD4-78BC-40D6-BC99-F4A447460A8C}"
EndProject
Project("{FAE04EC0-301F-11D3-BF4B-00C04F79EFBC}") = "OZTF.API.Gateway", "src\ApiGateway\OZTF.API.Gateway\OZTF.API.Gateway.csproj", "{EDE010F8-8141-4250-AD0D-29136ABA1D3B}"
EndProject
Project("{2150E333-8FDC-42A3-9474-1A3956D46DE8}") = "User", "User", "{B7FE338C-9FD0-40D1-830F-14A1FE0AB23A}"
EndProject
Project("{2150E333-8FDC-42A3-9474-1A3956D46DE8}") = "Article", "Article", "{EF42F885-FE6D-4B76-8143-5B5444C1F121}"
EndProject
Project("{FAE04EC0-301F-11D3-BF4B-00C04F79EFBC}") = "OZTF.Article.Service", "src\Services\Article\OZTF.Article.Service\OZTF.Article.Service.csproj", "{E9FA5C27-9642-456A-A815-12F478CDAF79}"
EndProject
Project("{FAE04EC0-301F-11D3-BF4B-00C04F79EFBC}") = "OZTF.User.Service", "src\Services\User\OZTF.User.Service\OZTF.User.Service.csproj", "{04CC3971-10BD-4CC8-98B4-CFF723A18FC8}"
EndProject
Project("{FAE04EC0-301F-11D3-BF4B-00C04F79EFBC}") = "OZTF.User.Application", "src\Services\User\OZTF.User.Application\OZTF.User.Application.csproj", "{95BAFD8A-4071-4F88-A47C-107DB19B83EA}"
EndProject
Project("{FAE04EC0-301F-11D3-BF4B-00C04F79EFBC}") = "OZTF.User.Domain", "src\Services\User\OZTF.User.Domain\OZTF.User.Domain.csproj", "{F04FD27F-7C72-4F94-ACEF-03AB8666AE23}"
EndProject
Project("{FAE04EC0-301F-11D3-BF4B-00C04F79EFBC}") = "OZTF.User.Infra.Data", "src\Services\User\OZTF.User.Infra.Data\OZTF.User.Infra.Data.csproj", "{4FB38448-41CE-482C-B841-D7F311465790}"
EndProject
Project("{FAE04EC0-301F-11D3-BF4B-00C04F79EFBC}") = "OZTF.User.Domain.Core", "src\Services\User\OZTF.User.Domain.Core\OZTF.User.Domain.Core.csproj", "{0B01C7D8-5A18-4415-A360-FFC4B5599E39}"
EndProject
Project("{FAE04EC0-301F-11D3-BF4B-00C04F79EFBC}") = "OZTF.Article.Application", "src\Services\Article\OZTF.Article.Application\OZTF.Article.Application.csproj", "{A218C1FF-81D5-46B2-93E3-0EC6CBFA9398}"
EndProject
Project("{FAE04EC0-301F-11D3-BF4B-00C04F79EFBC}") = "OZTF.Article.Domain", "src\Services\Article\OZTF.Article.Domain\OZTF.Article.Domain.csproj", "{9D5A2AED-9C25-4D35-8F7A-73EDC14FD1AA}"
EndProject
Project("{FAE04EC0-301F-11D3-BF4B-00C04F79EFBC}") = "OZTF.Article.Domain.Core", "src\Services\Article\OZTF.Article.Domain.Core\OZTF.Article.Domain.Core.csproj", "{C9F5E259-B899-425B-BF11-C355A8283DDC}"
EndProject
Project("{FAE04EC0-301F-11D3-BF4B-00C04F79EFBC}") = "OZTF.Article.Infra.Data", "src\Services\Article\OZTF.Article.Infra.Data\OZTF.Article.Infra.Data.csproj", "{A1D1279C-76DC-43C5-847B-8F47EE2350C9}"
EndProject
Global
	GlobalSection(SolutionConfigurationPlatforms) = preSolution
		Debug|Any CPU = Debug|Any CPU
		Release|Any CPU = Release|Any CPU
	EndGlobalSection
	GlobalSection(ProjectConfigurationPlatforms) = postSolution
		{EDE010F8-8141-4250-AD0D-29136ABA1D3B}.Debug|Any CPU.ActiveCfg = Debug|Any CPU
		{EDE010F8-8141-4250-AD0D-29136ABA1D3B}.Debug|Any CPU.Build.0 = Debug|Any CPU
		{EDE010F8-8141-4250-AD0D-29136ABA1D3B}.Release|Any CPU.ActiveCfg = Release|Any CPU
		{EDE010F8-8141-4250-AD0D-29136ABA1D3B}.Release|Any CPU.Build.0 = Release|Any CPU
		{E9FA5C27-9642-456A-A815-12F478CDAF79}.Debug|Any CPU.ActiveCfg = Debug|Any CPU
		{E9FA5C27-9642-456A-A815-12F478CDAF79}.Debug|Any CPU.Build.0 = Debug|Any CPU
		{E9FA5C27-9642-456A-A815-12F478CDAF79}.Release|Any CPU.ActiveCfg = Release|Any CPU
		{E9FA5C27-9642-456A-A815-12F478CDAF79}.Release|Any CPU.Build.0 = Release|Any CPU
		{04CC3971-10BD-4CC8-98B4-CFF723A18FC8}.Debug|Any CPU.ActiveCfg = Debug|Any CPU
		{04CC3971-10BD-4CC8-98B4-CFF723A18FC8}.Debug|Any CPU.Build.0 = Debug|Any CPU
		{04CC3971-10BD-4CC8-98B4-CFF723A18FC8}.Release|Any CPU.ActiveCfg = Release|Any CPU
		{04CC3971-10BD-4CC8-98B4-CFF723A18FC8}.Release|Any CPU.Build.0 = Release|Any CPU
		{95BAFD8A-4071-4F88-A47C-107DB19B83EA}.Debug|Any CPU.ActiveCfg = Debug|Any CPU
		{95BAFD8A-4071-4F88-A47C-107DB19B83EA}.Debug|Any CPU.Build.0 = Debug|Any CPU
		{95BAFD8A-4071-4F88-A47C-107DB19B83EA}.Release|Any CPU.ActiveCfg = Release|Any CPU
		{95BAFD8A-4071-4F88-A47C-107DB19B83EA}.Release|Any CPU.Build.0 = Release|Any CPU
		{F04FD27F-7C72-4F94-ACEF-03AB8666AE23}.Debug|Any CPU.ActiveCfg = Debug|Any CPU
		{F04FD27F-7C72-4F94-ACEF-03AB8666AE23}.Debug|Any CPU.Build.0 = Debug|Any CPU
		{F04FD27F-7C72-4F94-ACEF-03AB8666AE23}.Release|Any CPU.ActiveCfg = Release|Any CPU
		{F04FD27F-7C72-4F94-ACEF-03AB8666AE23}.Release|Any CPU.Build.0 = Release|Any CPU
		{4FB38448-41CE-482C-B841-D7F311465790}.Debug|Any CPU.ActiveCfg = Debug|Any CPU
		{4FB38448-41CE-482C-B841-D7F311465790}.Debug|Any CPU.Build.0 = Debug|Any CPU
		{4FB38448-41CE-482C-B841-D7F311465790}.Release|Any CPU.ActiveCfg = Release|Any CPU
		{4FB38448-41CE-482C-B841-D7F311465790}.Release|Any CPU.Build.0 = Release|Any CPU
		{0B01C7D8-5A18-4415-A360-FFC4B5599E39}.Debug|Any CPU.ActiveCfg = Debug|Any CPU
		{0B01C7D8-5A18-4415-A360-FFC4B5599E39}.Debug|Any CPU.Build.0 = Debug|Any CPU
		{0B01C7D8-5A18-4415-A360-FFC4B5599E39}.Release|Any CPU.ActiveCfg = Release|Any CPU
		{0B01C7D8-5A18-4415-A360-FFC4B5599E39}.Release|Any CPU.Build.0 = Release|Any CPU
		{A218C1FF-81D5-46B2-93E3-0EC6CBFA9398}.Debug|Any CPU.ActiveCfg = Debug|Any CPU
		{A218C1FF-81D5-46B2-93E3-0EC6CBFA9398}.Debug|Any CPU.Build.0 = Debug|Any CPU
		{A218C1FF-81D5-46B2-93E3-0EC6CBFA9398}.Release|Any CPU.ActiveCfg = Release|Any CPU
		{A218C1FF-81D5-46B2-93E3-0EC6CBFA9398}.Release|Any CPU.Build.0 = Release|Any CPU
		{9D5A2AED-9C25-4D35-8F7A-73EDC14FD1AA}.Debug|Any CPU.ActiveCfg = Debug|Any CPU
		{9D5A2AED-9C25-4D35-8F7A-73EDC14FD1AA}.Debug|Any CPU.Build.0 = Debug|Any CPU
		{9D5A2AED-9C25-4D35-8F7A-73EDC14FD1AA}.Release|Any CPU.ActiveCfg = Release|Any CPU
		{9D5A2AED-9C25-4D35-8F7A-73EDC14FD1AA}.Release|Any CPU.Build.0 = Release|Any CPU
		{C9F5E259-B899-425B-BF11-C355A8283DDC}.Debug|Any CPU.ActiveCfg = Debug|Any CPU
		{C9F5E259-B899-425B-BF11-C355A8283DDC}.Debug|Any CPU.Build.0 = Debug|Any CPU
		{C9F5E259-B899-425B-BF11-C355A8283DDC}.Release|Any CPU.ActiveCfg = Release|Any CPU
		{C9F5E259-B899-425B-BF11-C355A8283DDC}.Release|Any CPU.Build.0 = Release|Any CPU
		{A1D1279C-76DC-43C5-847B-8F47EE2350C9}.Debug|Any CPU.ActiveCfg = Debug|Any CPU
		{A1D1279C-76DC-43C5-847B-8F47EE2350C9}.Debug|Any CPU.Build.0 = Debug|Any CPU
		{A1D1279C-76DC-43C5-847B-8F47EE2350C9}.Release|Any CPU.ActiveCfg = Release|Any CPU
		{A1D1279C-76DC-43C5-847B-8F47EE2350C9}.Release|Any CPU.Build.0 = Release|Any CPU
	EndGlobalSection
	GlobalSection(SolutionProperties) = preSolution
		HideSolutionNode = FALSE
	EndGlobalSection
	GlobalSection(NestedProjects) = preSolution
		{13C0FB4C-FDF2-4E78-A06D-AB3E99125584} = {7E7DBAA2-1D26-4FD3-9056-5160C347CDDB}
		{2E494BD4-78BC-40D6-BC99-F4A447460A8C} = {7E7DBAA2-1D26-4FD3-9056-5160C347CDDB}
		{EDE010F8-8141-4250-AD0D-29136ABA1D3B} = {13C0FB4C-FDF2-4E78-A06D-AB3E99125584}
		{B7FE338C-9FD0-40D1-830F-14A1FE0AB23A} = {2E494BD4-78BC-40D6-BC99-F4A447460A8C}
		{EF42F885-FE6D-4B76-8143-5B5444C1F121} = {2E494BD4-78BC-40D6-BC99-F4A447460A8C}
		{E9FA5C27-9642-456A-A815-12F478CDAF79} = {EF42F885-FE6D-4B76-8143-5B5444C1F121}
		{04CC3971-10BD-4CC8-98B4-CFF723A18FC8} = {B7FE338C-9FD0-40D1-830F-14A1FE0AB23A}
		{95BAFD8A-4071-4F88-A47C-107DB19B83EA} = {B7FE338C-9FD0-40D1-830F-14A1FE0AB23A}
		{F04FD27F-7C72-4F94-ACEF-03AB8666AE23} = {B7FE338C-9FD0-40D1-830F-14A1FE0AB23A}
		{4FB38448-41CE-482C-B841-D7F311465790} = {B7FE338C-9FD0-40D1-830F-14A1FE0AB23A}
		{0B01C7D8-5A18-4415-A360-FFC4B5599E39} = {B7FE338C-9FD0-40D1-830F-14A1FE0AB23A}
		{A218C1FF-81D5-46B2-93E3-0EC6CBFA9398} = {EF42F885-FE6D-4B76-8143-5B5444C1F121}
		{9D5A2AED-9C25-4D35-8F7A-73EDC14FD1AA} = {EF42F885-FE6D-4B76-8143-5B5444C1F121}
		{C9F5E259-B899-425B-BF11-C355A8283DDC} = {EF42F885-FE6D-4B76-8143-5B5444C1F121}
		{A1D1279C-76DC-43C5-847B-8F47EE2350C9} = {EF42F885-FE6D-4B76-8143-5B5444C1F121}
	EndGlobalSection
	GlobalSection(ExtensibilityGlobals) = postSolution
		SolutionGuid = {A1DEDD20-8D60-4048-86FA-F1B2E34DBAC4}
	EndGlobalSection
EndGlobal
